// !$*UTF8*$!
{
	archiveVersion = 1;
	classes = {
	};
	objectVersion = 46;
	objects = {

/* Begin PBXBuildFile section */
		CFFE076F1EB8E64200D7E9C9 /* AppDelegate.swift in Sources */ = {isa = PBXBuildFile; fileRef = CFFE076E1EB8E64200D7E9C9 /* AppDelegate.swift */; };
		CFFE07711EB8E64200D7E9C9 /* ViewController.swift in Sources */ = {isa = PBXBuildFile; fileRef = CFFE07701EB8E64200D7E9C9 /* ViewController.swift */; };
		CFFE07741EB8E64200D7E9C9 /* Main.storyboard in Resources */ = {isa = PBXBuildFile; fileRef = CFFE07721EB8E64200D7E9C9 /* Main.storyboard */; };
		CFFE07761EB8E64200D7E9C9 /* Assets.xcassets in Resources */ = {isa = PBXBuildFile; fileRef = CFFE07751EB8E64200D7E9C9 /* Assets.xcassets */; };
		CFFE07791EB8E64200D7E9C9 /* LaunchScreen.storyboard in Resources */ = {isa = PBXBuildFile; fileRef = CFFE07771EB8E64200D7E9C9 /* LaunchScreen.storyboard */; };
		CFFE07841EB8E64200D7E9C9 /* SimplePlayerTests.swift in Sources */ = {isa = PBXBuildFile; fileRef = CFFE07831EB8E64200D7E9C9 /* SimplePlayerTests.swift */; };
		CFFE078F1EB8E64200D7E9C9 /* SimplePlayerUITests.swift in Sources */ = {isa = PBXBuildFile; fileRef = CFFE078E1EB8E64200D7E9C9 /* SimplePlayerUITests.swift */; };
/* End PBXBuildFile section */

/* Begin PBXContainerItemProxy section */
		CFFE07801EB8E64200D7E9C9 /* PBXContainerItemProxy */ = {
			isa = PBXContainerItemProxy;
			containerPortal = CFFE07631EB8E64200D7E9C9 /* Project object */;
			proxyType = 1;
			remoteGlobalIDString = CFFE076A1EB8E64200D7E9C9;
			remoteInfo = SimplePlayer;
		};
		CFFE078B1EB8E64200D7E9C9 /* PBXContainerItemProxy */ = {
			isa = PBXContainerItemProxy;
			containerPortal = CFFE07631EB8E64200D7E9C9 /* Project object */;
			proxyType = 1;
			remoteGlobalIDString = CFFE076A1EB8E64200D7E9C9;
			remoteInfo = SimplePlayer;
		};
/* End PBXContainerItemProxy section */

/* Begin PBXFileReference section */
		CFFE076B1EB8E64200D7E9C9 /* SimplePlayer.app */ = {isa = PBXFileReference; explicitFileType = wrapper.application; includeInIndex = 0; path = SimplePlayer.app; sourceTree = BUILT_PRODUCTS_DIR; };
		CFFE076E1EB8E64200D7E9C9 /* AppDelegate.swift */ = {isa = PBXFileReference; lastKnownFileType = sourcecode.swift; path = AppDelegate.swift; sourceTree = "<group>"; };
		CFFE07701EB8E64200D7E9C9 /* ViewController.swift */ = {isa = PBXFileReference; lastKnownFileType = sourcecode.swift; path = ViewController.swift; sourceTree = "<group>"; };
		CFFE07731EB8E64200D7E9C9 /* Base */ = {isa = PBXFileReference; lastKnownFileType = file.storyboard; name = Base; path = Base.lproj/Main.storyboard; sourceTree = "<group>"; };
		CFFE07751EB8E64200D7E9C9 /* Assets.xcassets */ = {isa = PBXFileReference; lastKnownFileType = folder.assetcatalog; path = Assets.xcassets; sourceTree = "<group>"; };
		CFFE07781EB8E64200D7E9C9 /* Base */ = {isa = PBXFileReference; lastKnownFileType = file.storyboard; name = Base; path = Base.lproj/LaunchScreen.storyboard; sourceTree = "<group>"; };
		CFFE077A1EB8E64200D7E9C9 /* Info.plist */ = {isa = PBXFileReference; lastKnownFileType = text.plist.xml; path = Info.plist; sourceTree = "<group>"; };
		CFFE077F1EB8E64200D7E9C9 /* SimplePlayerTests.xctest */ = {isa = PBXFileReference; explicitFileType = wrapper.cfbundle; includeInIndex = 0; path = SimplePlayerTests.xctest; sourceTree = BUILT_PRODUCTS_DIR; };
		CFFE07831EB8E64200D7E9C9 /* SimplePlayerTests.swift */ = {isa = PBXFileReference; lastKnownFileType = sourcecode.swift; path = SimplePlayerTests.swift; sourceTree = "<group>"; };
		CFFE07851EB8E64200D7E9C9 /* Info.plist */ = {isa = PBXFileReference; lastKnownFileType = text.plist.xml; path = Info.plist; sourceTree = "<group>"; };
		CFFE078A1EB8E64200D7E9C9 /* SimplePlayerUITests.xctest */ = {isa = PBXFileReference; explicitFileType = wrapper.cfbundle; includeInIndex = 0; path = SimplePlayerUITests.xctest; sourceTree = BUILT_PRODUCTS_DIR; };
		CFFE078E1EB8E64200D7E9C9 /* SimplePlayerUITests.swift */ = {isa = PBXFileReference; lastKnownFileType = sourcecode.swift; path = SimplePlayerUITests.swift; sourceTree = "<group>"; };
		CFFE07901EB8E64200D7E9C9 /* Info.plist */ = {isa = PBXFileReference; lastKnownFileType = text.plist.xml; path = Info.plist; sourceTree = "<group>"; };
/* End PBXFileReference section */

/* Begin PBXFrameworksBuildPhase section */
		CFFE07681EB8E64200D7E9C9 /* Frameworks */ = {
			isa = PBXFrameworksBuildPhase;
			buildActionMask = 2147483647;
			files = (
			);
			runOnlyForDeploymentPostprocessing = 0;
		};
		CFFE077C1EB8E64200D7E9C9 /* Frameworks */ = {
			isa = PBXFrameworksBuildPhase;
			buildActionMask = 2147483647;
			files = (
			);
			runOnlyForDeploymentPostprocessing = 0;
		};
		CFFE07871EB8E64200D7E9C9 /* Frameworks */ = {
			isa = PBXFrameworksBuildPhase;
			buildActionMask = 2147483647;
			files = (
			);
			runOnlyForDeploymentPostprocessing = 0;
		};
/* End PBXFrameworksBuildPhase section */

/* Begin PBXGroup section */
		CFFE07621EB8E64200D7E9C9 = {
			isa = PBXGroup;
			children = (
				CFFE076D1EB8E64200D7E9C9 /* SimplePlayer */,
				CFFE07821EB8E64200D7E9C9 /* SimplePlayerTests */,
				CFFE078D1EB8E64200D7E9C9 /* SimplePlayerUITests */,
				CFFE076C1EB8E64200D7E9C9 /* Products */,
			);
			sourceTree = "<group>";
		};
		CFFE076C1EB8E64200D7E9C9 /* Products */ = {
			isa = PBXGroup;
			children = (
				CFFE076B1EB8E64200D7E9C9 /* SimplePlayer.app */,
				CFFE077F1EB8E64200D7E9C9 /* SimplePlayerTests.xctest */,
				CFFE078A1EB8E64200D7E9C9 /* SimplePlayerUITests.xctest */,
			);
			name = Products;
			sourceTree = "<group>";
		};
		CFFE076D1EB8E64200D7E9C9 /* SimplePlayer */ = {
			isa = PBXGroup;
			children = (
				CFFE076E1EB8E64200D7E9C9 /* AppDelegate.swift */,
				CFFE07701EB8E64200D7E9C9 /* ViewController.swift */,
				CFFE07721EB8E64200D7E9C9 /* Main.storyboard */,
				CFFE07751EB8E64200D7E9C9 /* Assets.xcassets */,
				CFFE07771EB8E64200D7E9C9 /* LaunchScreen.storyboard */,
				CFFE077A1EB8E64200D7E9C9 /* Info.plist */,
			);
			path = SimplePlayer;
			sourceTree = "<group>";
		};
		CFFE07821EB8E64200D7E9C9 /* SimplePlayerTests */ = {
			isa = PBXGroup;
			children = (
				CFFE07831EB8E64200D7E9C9 /* SimplePlayerTests.swift */,
				CFFE07851EB8E64200D7E9C9 /* Info.plist */,
			);
			path = SimplePlayerTests;
			sourceTree = "<group>";
		};
		CFFE078D1EB8E64200D7E9C9 /* SimplePlayerUITests */ = {
			isa = PBXGroup;
			children = (
				CFFE078E1EB8E64200D7E9C9 /* SimplePlayerUITests.swift */,
				CFFE07901EB8E64200D7E9C9 /* Info.plist */,
			);
			path = SimplePlayerUITests;
			sourceTree = "<group>";
		};
/* End PBXGroup section */

/* Begin PBXNativeTarget section */
		CFFE076A1EB8E64200D7E9C9 /* SimplePlayer */ = {
			isa = PBXNativeTarget;
			buildConfigurationList = CFFE07931EB8E64200D7E9C9 /* Build configuration list for PBXNativeTarget "SimplePlayer" */;
			buildPhases = (
				CFFE07671EB8E64200D7E9C9 /* Sources */,
				CFFE07681EB8E64200D7E9C9 /* Frameworks */,
				CFFE07691EB8E64200D7E9C9 /* Resources */,
			);
			buildRules = (
			);
			dependencies = (
			);
			name = SimplePlayer;
			productName = SimplePlayer;
			productReference = CFFE076B1EB8E64200D7E9C9 /* SimplePlayer.app */;
			productType = "com.apple.product-type.application";
		};
		CFFE077E1EB8E64200D7E9C9 /* SimplePlayerTests */ = {
			isa = PBXNativeTarget;
			buildConfigurationList = CFFE07961EB8E64200D7E9C9 /* Build configuration list for PBXNativeTarget "SimplePlayerTests" */;
			buildPhases = (
				CFFE077B1EB8E64200D7E9C9 /* Sources */,
				CFFE077C1EB8E64200D7E9C9 /* Frameworks */,
				CFFE077D1EB8E64200D7E9C9 /* Resources */,
			);
			buildRules = (
			);
			dependencies = (
				CFFE07811EB8E64200D7E9C9 /* PBXTargetDependency */,
			);
			name = SimplePlayerTests;
			productName = SimplePlayerTests;
			productReference = CFFE077F1EB8E64200D7E9C9 /* SimplePlayerTests.xctest */;
			productType = "com.apple.product-type.bundle.unit-test";
		};
		CFFE07891EB8E64200D7E9C9 /* SimplePlayerUITests */ = {
			isa = PBXNativeTarget;
			buildConfigurationList = CFFE07991EB8E64200D7E9C9 /* Build configuration list for PBXNativeTarget "SimplePlayerUITests" */;
			buildPhases = (
				CFFE07861EB8E64200D7E9C9 /* Sources */,
				CFFE07871EB8E64200D7E9C9 /* Frameworks */,
				CFFE07881EB8E64200D7E9C9 /* Resources */,
			);
			buildRules = (
			);
			dependencies = (
				CFFE078C1EB8E64200D7E9C9 /* PBXTargetDependency */,
			);
			name = SimplePlayerUITests;
			productName = SimplePlayerUITests;
			productReference = CFFE078A1EB8E64200D7E9C9 /* SimplePlayerUITests.xctest */;
			productType = "com.apple.product-type.bundle.ui-testing";
		};
/* End PBXNativeTarget section */

/* Begin PBXProject section */
		CFFE07631EB8E64200D7E9C9 /* Project object */ = {
			isa = PBXProject;
			attributes = {
				LastSwiftUpdateCheck = 0830;
				LastUpgradeCheck = 0830;
				ORGANIZATIONNAME = "Kemal Enver";
				TargetAttributes = {
					CFFE076A1EB8E64200D7E9C9 = {
						CreatedOnToolsVersion = 8.3.2;
						ProvisioningStyle = Automatic;
					};
					CFFE077E1EB8E64200D7E9C9 = {
						CreatedOnToolsVersion = 8.3.2;
						ProvisioningStyle = Automatic;
						TestTargetID = CFFE076A1EB8E64200D7E9C9;
					};
					CFFE07891EB8E64200D7E9C9 = {
						CreatedOnToolsVersion = 8.3.2;
						ProvisioningStyle = Automatic;
						TestTargetID = CFFE076A1EB8E64200D7E9C9;
					};
				};
			};
			buildConfigurationList = CFFE07661EB8E64200D7E9C9 /* Build configuration list for PBXProject "SimplePlayer" */;
			compatibilityVersion = "Xcode 3.2";
			developmentRegion = English;
			hasScannedForEncodings = 0;
			knownRegions = (
				en,
				Base,
			);
			mainGroup = CFFE07621EB8E64200D7E9C9;
			productRefGroup = CFFE076C1EB8E64200D7E9C9 /* Products */;
			projectDirPath = "";
			projectRoot = "";
			targets = (
				CFFE076A1EB8E64200D7E9C9 /* SimplePlayer */,
				CFFE077E1EB8E64200D7E9C9 /* SimplePlayerTests */,
				CFFE07891EB8E64200D7E9C9 /* SimplePlayerUITests */,
			);
		};
/* End PBXProject section */

/* Begin PBXResourcesBuildPhase section */
		CFFE07691EB8E64200D7E9C9 /* Resources */ = {
			isa = PBXResourcesBuildPhase;
			buildActionMask = 2147483647;
			files = (
				CFFE07791EB8E64200D7E9C9 /* LaunchScreen.storyboard in Resources */,
				CFFE07761EB8E64200D7E9C9 /* Assets.xcassets in Resources */,
				CFFE07741EB8E64200D7E9C9 /* Main.storyboard in Resources */,
			);
			runOnlyForDeploymentPostprocessing = 0;
		};
		CFFE077D1EB8E64200D7E9C9 /* Resources */ = {
			isa = PBXResourcesBuildPhase;
			buildActionMask = 2147483647;
			files = (
			);
			runOnlyForDeploymentPostprocessing = 0;
		};
		CFFE07881EB8E64200D7E9C9 /* Resources */ = {
			isa = PBXResourcesBuildPhase;
			buildActionMask = 2147483647;
			files = (
			);
			runOnlyForDeploymentPostprocessing = 0;
		};
/* End PBXResourcesBuildPhase section */

/* Begin PBXSourcesBuildPhase section */
		CFFE07671EB8E64200D7E9C9 /* Sources */ = {
			isa = PBXSourcesBuildPhase;
			buildActionMask = 2147483647;
			files = (
				CFFE07711EB8E64200D7E9C9 /* ViewController.swift in Sources */,
				CFFE076F1EB8E64200D7E9C9 /* AppDelegate.swift in Sources */,
			);
			runOnlyForDeploymentPostprocessing = 0;
		};
		CFFE077B1EB8E64200D7E9C9 /* Sources */ = {
			isa = PBXSourcesBuildPhase;
			buildActionMask = 2147483647;
			files = (
				CFFE07841EB8E64200D7E9C9 /* SimplePlayerTests.swift in Sources */,
			);
			runOnlyForDeploymentPostprocessing = 0;
		};
		CFFE07861EB8E64200D7E9C9 /* Sources */ = {
			isa = PBXSourcesBuildPhase;
			buildActionMask = 2147483647;
			files = (
				CFFE078F1EB8E64200D7E9C9 /* SimplePlayerUITests.swift in Sources */,
			);
			runOnlyForDeploymentPostprocessing = 0;
		};
/* End PBXSourcesBuildPhase section */

/* Begin PBXTargetDependency section */
		CFFE07811EB8E64200D7E9C9 /* PBXTargetDependency */ = {
			isa = PBXTargetDependency;
			target = CFFE076A1EB8E64200D7E9C9 /* SimplePlayer */;
			targetProxy = CFFE07801EB8E64200D7E9C9 /* PBXContainerItemProxy */;
		};
		CFFE078C1EB8E64200D7E9C9 /* PBXTargetDependency */ = {
			isa = PBXTargetDependency;
			target = CFFE076A1EB8E64200D7E9C9 /* SimplePlayer */;
			targetProxy = CFFE078B1EB8E64200D7E9C9 /* PBXContainerItemProxy */;
		};
/* End PBXTargetDependency section */

/* Begin PBXVariantGroup section */
		CFFE07721EB8E64200D7E9C9 /* Main.storyboard */ = {
			isa = PBXVariantGroup;
			children = (
				CFFE07731EB8E64200D7E9C9 /* Base */,
			);
			name = Main.storyboard;
			sourceTree = "<group>";
		};
		CFFE07771EB8E64200D7E9C9 /* LaunchScreen.storyboard */ = {
			isa = PBXVariantGroup;
			children = (
				CFFE07781EB8E64200D7E9C9 /* Base */,
			);
			name = LaunchScreen.storyboard;
			sourceTree = "<group>";
		};
/* End PBXVariantGroup section */

/* Begin XCBuildConfiguration section */
		CFFE07911EB8E64200D7E9C9 /* Debug */ = {
			isa = XCBuildConfiguration;
			buildSettings = {
				ALWAYS_SEARCH_USER_PATHS = NO;
				CLANG_ANALYZER_NONNULL = YES;
				CLANG_ANALYZER_NUMBER_OBJECT_CONVERSION = YES_AGGRESSIVE;
				CLANG_CXX_LANGUAGE_STANDARD = "gnu++0x";
				CLANG_CXX_LIBRARY = "libc++";
				CLANG_ENABLE_MODULES = YES;
				CLANG_ENABLE_OBJC_ARC = YES;
				CLANG_WARN_BOOL_CONVERSION = YES;
				CLANG_WARN_CONSTANT_CONVERSION = YES;
				CLANG_WARN_DIRECT_OBJC_ISA_USAGE = YES_ERROR;
				CLANG_WARN_DOCUMENTATION_COMMENTS = YES;
				CLANG_WARN_EMPTY_BODY = YES;
				CLANG_WARN_ENUM_CONVERSION = YES;
				CLANG_WARN_INFINITE_RECURSION = YES;
				CLANG_WARN_INT_CONVERSION = YES;
				CLANG_WARN_OBJC_ROOT_CLASS = YES_ERROR;
				CLANG_WARN_SUSPICIOUS_MOVE = YES;
				CLANG_WARN_UNREACHABLE_CODE = YES;
				CLANG_WARN__DUPLICATE_METHOD_MATCH = YES;
				"CODE_SIGN_IDENTITY[sdk=iphoneos*]" = "iPhone Developer";
				COPY_PHASE_STRIP = NO;
				DEBUG_INFORMATION_FORMAT = dwarf;
				ENABLE_STRICT_OBJC_MSGSEND = YES;
				ENABLE_TESTABILITY = YES;
				GCC_C_LANGUAGE_STANDARD = gnu99;
				GCC_DYNAMIC_NO_PIC = NO;
				GCC_NO_COMMON_BLOCKS = YES;
				GCC_OPTIMIZATION_LEVEL = 0;
				GCC_PREPROCESSOR_DEFINITIONS = (
					"DEBUG=1",
					"$(inherited)",
				);
				GCC_WARN_64_TO_32_BIT_CONVERSION = YES;
				GCC_WARN_ABOUT_RETURN_TYPE = YES_ERROR;
				GCC_WARN_UNDECLARED_SELECTOR = YES;
				GCC_WARN_UNINITIALIZED_AUTOS = YES_AGGRESSIVE;
				GCC_WARN_UNUSED_FUNCTION = YES;
				GCC_WARN_UNUSED_VARIABLE = YES;
				IPHONEOS_DEPLOYMENT_TARGET = 10.3;
				MTL_ENABLE_DEBUG_INFO = YES;
				ONLY_ACTIVE_ARCH = YES;
				SDKROOT = iphoneos;
				SWIFT_ACTIVE_COMPILATION_CONDITIONS = DEBUG;
				SWIFT_OPTIMIZATION_LEVEL = "-Onone";
				TARGETED_DEVICE_FAMILY = "1,2";
			};
			name = Debug;
		};
		CFFE07921EB8E64200D7E9C9 /* Release */ = {
			isa = XCBuildConfiguration;
			buildSettings = {
				ALWAYS_SEARCH_USER_PATHS = NO;
				CLANG_ANALYZER_NONNULL = YES;
				CLANG_ANALYZER_NUMBER_OBJECT_CONVERSION = YES_AGGRESSIVE;
				CLANG_CXX_LANGUAGE_STANDARD = "gnu++0x";
				CLANG_CXX_LIBRARY = "libc++";
				CLANG_ENABLE_MODULES = YES;
				CLANG_ENABLE_OBJC_ARC = YES;
				CLANG_WARN_BOOL_CONVERSION = YES;
				CLANG_WARN_CONSTANT_CONVERSION = YES;
				CLANG_WARN_DIRECT_OBJC_ISA_USAGE = YES_ERROR;
				CLANG_WARN_DOCUMENTATION_COMMENTS = YES;
				CLANG_WARN_EMPTY_BODY = YES;
				CLANG_WARN_ENUM_CONVERSION = YES;
				CLANG_WARN_INFINITE_RECURSION = YES;
				CLANG_WARN_INT_CONVERSION = YES;
				CLANG_WARN_OBJC_ROOT_CLASS = YES_ERROR;
				CLANG_WARN_SUSPICIOUS_MOVE = YES;
				CLANG_WARN_UNREACHABLE_CODE = YES;
				CLANG_WARN__DUPLICATE_METHOD_MATCH = YES;
				"CODE_SIGN_IDENTITY[sdk=iphoneos*]" = "iPhone Developer";
				COPY_PHASE_STRIP = NO;
				DEBUG_INFORMATION_FORMAT = "dwarf-with-dsym";
				ENABLE_NS_ASSERTIONS = NO;
				ENABLE_STRICT_OBJC_MSGSEND = YES;
				GCC_C_LANGUAGE_STANDARD = gnu99;
				GCC_NO_COMMON_BLOCKS = YES;
				GCC_WARN_64_TO_32_BIT_CONVERSION = YES;
				GCC_WARN_ABOUT_RETURN_TYPE = YES_ERROR;
				GCC_WARN_UNDECLARED_SELECTOR = YES;
				GCC_WARN_UNINITIALIZED_AUTOS = YES_AGGRESSIVE;
				GCC_WARN_UNUSED_FUNCTION = YES;
				GCC_WARN_UNUSED_VARIABLE = YES;
				IPHONEOS_DEPLOYMENT_TARGET = 10.3;
				MTL_ENABLE_DEBUG_INFO = NO;
				SDKROOT = iphoneos;
				SWIFT_OPTIMIZATION_LEVEL = "-Owholemodule";
				TARGETED_DEVICE_FAMILY = "1,2";
				VALIDATE_PRODUCT = YES;
			};
			name = Release;
		};
		CFFE07941EB8E64200D7E9C9 /* Debug */ = {
			isa = XCBuildConfiguration;
			buildSettings = {
				ASSETCATALOG_COMPILER_APPICON_NAME = AppIcon;
				INFOPLIST_FILE = SimplePlayer/Info.plist;
				LD_RUNPATH_SEARCH_PATHS = "$(inherited) @executable_path/Frameworks";
				PRODUCT_BUNDLE_IDENTIFIER = com.kemalenver.SimplePlayer;
				PRODUCT_NAME = "$(TARGET_NAME)";
				SWIFT_VERSION = 3.0;
			};
			name = Debug;
		};
		CFFE07951EB8E64200D7E9C9 /* Release */ = {
			isa = XCBuildConfiguration;
			buildSettings = {
				ASSETCATALOG_COMPILER_APPICON_NAME = AppIcon;
				INFOPLIST_FILE = SimplePlayer/Info.plist;
				LD_RUNPATH_SEARCH_PATHS = "$(inherited) @executable_path/Frameworks";
				PRODUCT_BUNDLE_IDENTIFIER = com.kemalenver.SimplePlayer;
				PRODUCT_NAME = "$(TARGET_NAME)";
				SWIFT_VERSION = 3.0;
			};
			name = Release;
		};
		CFFE07971EB8E64200D7E9C9 /* Debug */ = {
			isa = XCBuildConfiguration;
			buildSettings = {
				ALWAYS_EMBED_SWIFT_STANDARD_LIBRARIES = YES;
				BUNDLE_LOADER = "$(TEST_HOST)";
				INFOPLIST_FILE = SimplePlayerTests/Info.plist;
				LD_RUNPATH_SEARCH_PATHS = "$(inherited) @executable_path/Frameworks @loader_path/Frameworks";
				PRODUCT_BUNDLE_IDENTIFIER = com.kemalenver.SimplePlayerTests;
				PRODUCT_NAME = "$(TARGET_NAME)";
				SWIFT_VERSION = 3.0;
				TEST_HOST = "$(BUILT_PRODUCTS_DIR)/SimplePlayer.app/SimplePlayer";
			};
			name = Debug;
		};
		CFFE07981EB8E64200D7E9C9 /* Release */ = {
			isa = XCBuildConfiguration;
			buildSettings = {
				ALWAYS_EMBED_SWIFT_STANDARD_LIBRARIES = YES;
				BUNDLE_LOADER = "$(TEST_HOST)";
				INFOPLIST_FILE = SimplePlayerTests/Info.plist;
				LD_RUNPATH_SEARCH_PATHS = "$(inherited) @executable_path/Frameworks @loader_path/Frameworks";
				PRODUCT_BUNDLE_IDENTIFIER = com.kemalenver.SimplePlayerTests;
				PRODUCT_NAME = "$(TARGET_NAME)";
				SWIFT_VERSION = 3.0;
				TEST_HOST = "$(BUILT_PRODUCTS_DIR)/SimplePlayer.app/SimplePlayer";
			};
			name = Release;
		};
		CFFE079A1EB8E64200D7E9C9 /* Debug */ = {
			isa = XCBuildConfiguration;
			buildSettings = {
				ALWAYS_EMBED_SWIFT_STANDARD_LIBRARIES = YES;
				INFOPLIST_FILE = SimplePlayerUITests/Info.plist;
				LD_RUNPATH_SEARCH_PATHS = "$(inherited) @executable_path/Frameworks @loader_path/Frameworks";
				PRODUCT_BUNDLE_IDENTIFIER = com.kemalenver.SimplePlayerUITests;
				PRODUCT_NAME = "$(TARGET_NAME)";
				SWIFT_VERSION = 3.0;
				TEST_TARGET_NAME = SimplePlayer;
			};
			name = Debug;
		};
		CFFE079B1EB8E64200D7E9C9 /* Release */ = {
			isa = XCBuildConfiguration;
			buildSettings = {
				ALWAYS_EMBED_SWIFT_STANDARD_LIBRARIES = YES;
				INFOPLIST_FILE = SimplePlayerUITests/Info.plist;
				LD_RUNPATH_SEARCH_PATHS = "$(inherited) @executable_path/Frameworks @loader_path/Frameworks";
				PRODUCT_BUNDLE_IDENTIFIER = com.kemalenver.SimplePlayerUITests;
				PRODUCT_NAME = "$(TARGET_NAME)";
				SWIFT_VERSION = 3.0;
				TEST_TARGET_NAME = SimplePlayer;
			};
			name = Release;
		};
/* End XCBuildConfiguration section */

/* Begin XCConfigurationList section */
		CFFE07661EB8E64200D7E9C9 /* Build configuration list for PBXProject "SimplePlayer" */ = {
			isa = XCConfigurationList;
			buildConfigurations = (
				CFFE07911EB8E64200D7E9C9 /* Debug */,
				CFFE07921EB8E64200D7E9C9 /* Release */,
			);
			defaultConfigurationIsVisible = 0;
			defaultConfigurationName = Release;
		};
		CFFE07931EB8E64200D7E9C9 /* Build configuration list for PBXNativeTarget "SimplePlayer" */ = {
			isa = XCConfigurationList;
			buildConfigurations = (
				CFFE07941EB8E64200D7E9C9 /* Debug */,
				CFFE07951EB8E64200D7E9C9 /* Release */,
			);
			defaultConfigurationIsVisible = 0;
		};
		CFFE07961EB8E64200D7E9C9 /* Build configuration list for PBXNativeTarget "SimplePlayerTests" */ = {
			isa = XCConfigurationList;
			buildConfigurations = (
				CFFE07971EB8E64200D7E9C9 /* Debug */,
				CFFE07981EB8E64200D7E9C9 /* Release */,
			);
			defaultConfigurationIsVisible = 0;
		};
		CFFE07991EB8E64200D7E9C9 /* Build configuration list for PBXNativeTarget "SimplePlayerUITests" */ = {
			isa = XCConfigurationList;
			buildConfigurations = (
				CFFE079A1EB8E64200D7E9C9 /* Debug */,
				CFFE079B1EB8E64200D7E9C9 /* Release */,
			);
			defaultConfigurationIsVisible = 0;
		};
/* End XCConfigurationList section */
	};
	rootObject = CFFE07631EB8E64200D7E9C9 /* Project object */;
}
