// !$*UTF8*$!
{
	archiveVersion = 1;
	classes = {
	};
	objectVersion = 46;
	objects = {

/* Begin PBXBuildFile section */
		CF6B1F921EB8EA2600F73CE2 /* CoreAssets.xcassets in Resources */ = {isa = PBXBuildFile; fileRef = CF6B1F911EB8EA2600F73CE2 /* CoreAssets.xcassets */; };
		CF6B1F931EB8EAA200F73CE2 /* LaunchScreen.storyboard in Resources */ = {isa = PBXBuildFile; fileRef = CFFE07B61EB8E79000D7E9C9 /* LaunchScreen.storyboard */; };
		CF6B1F941EB8EAA200F73CE2 /* Main.storyboard in Resources */ = {isa = PBXBuildFile; fileRef = CFFE07B81EB8E79000D7E9C9 /* Main.storyboard */; };
		CFFE07841EB8E64200D7E9C9 /* SimplePlayerTests.swift in Sources */ = {isa = PBXBuildFile; fileRef = CFFE07831EB8E64200D7E9C9 /* SimplePlayerTests.swift */; };
		CFFE078F1EB8E64200D7E9C9 /* SimplePlayerUITests.swift in Sources */ = {isa = PBXBuildFile; fileRef = CFFE078E1EB8E64200D7E9C9 /* SimplePlayerUITests.swift */; };
		CFFE07CC1EB8E79000D7E9C9 /* LookAndFeel.swift in Sources */ = {isa = PBXBuildFile; fileRef = CFFE07B41EB8E79000D7E9C9 /* LookAndFeel.swift */; };
		CFFE07D01EB8E79000D7E9C9 /* MenuCollectionViewCell.swift in Sources */ = {isa = PBXBuildFile; fileRef = CFFE07BB1EB8E79000D7E9C9 /* MenuCollectionViewCell.swift */; };
		CFFE07D11EB8E79000D7E9C9 /* AppDelegate.swift in Sources */ = {isa = PBXBuildFile; fileRef = CFFE07BD1EB8E79000D7E9C9 /* AppDelegate.swift */; };
		CFFE07D21EB8E79000D7E9C9 /* AppRouter.swift in Sources */ = {isa = PBXBuildFile; fileRef = CFFE07BE1EB8E79000D7E9C9 /* AppRouter.swift */; };
		CFFE07D41EB8E79000D7E9C9 /* MenuItem.swift in Sources */ = {isa = PBXBuildFile; fileRef = CFFE07C11EB8E79000D7E9C9 /* MenuItem.swift */; };
		CFFE07D51EB8E79000D7E9C9 /* Video.swift in Sources */ = {isa = PBXBuildFile; fileRef = CFFE07C21EB8E79000D7E9C9 /* Video.swift */; };
		CFFE07D71EB8E79000D7E9C9 /* MenuViewController.swift in Sources */ = {isa = PBXBuildFile; fileRef = CFFE07C81EB8E79000D7E9C9 /* MenuViewController.swift */; };
		CFFE07DA1EB8E8D700D7E9C9 /* MenuItemViewModel.swift in Sources */ = {isa = PBXBuildFile; fileRef = CFFE07CA1EB8E79000D7E9C9 /* MenuItemViewModel.swift */; };
		CFFE07DB1EB8E8D700D7E9C9 /* VideoViewModel.swift in Sources */ = {isa = PBXBuildFile; fileRef = CFFE07CB1EB8E79000D7E9C9 /* VideoViewModel.swift */; };
/* End PBXBuildFile section */

/* Begin PBXContainerItemProxy section */
		CFFE07801EB8E64200D7E9C9 /* PBXContainerItemProxy */ = {
			isa = PBXContainerItemProxy;
			containerPortal = CFFE07631EB8E64200D7E9C9 /* Project object */;
			proxyType = 1;
			remoteGlobalIDString = CFFE076A1EB8E64200D7E9C9;
			remoteInfo = SimplePlayer;
		};
		CFFE078B1EB8E64200D7E9C9 /* PBXContainerItemProxy */ = {
			isa = PBXContainerItemProxy;
			containerPortal = CFFE07631EB8E64200D7E9C9 /* Project object */;
			proxyType = 1;
			remoteGlobalIDString = CFFE076A1EB8E64200D7E9C9;
			remoteInfo = SimplePlayer;
		};
/* End PBXContainerItemProxy section */

/* Begin PBXFileReference section */
		CF6B1F911EB8EA2600F73CE2 /* CoreAssets.xcassets */ = {isa = PBXFileReference; lastKnownFileType = folder.assetcatalog; path = CoreAssets.xcassets; sourceTree = "<group>"; };
		CFFE076B1EB8E64200D7E9C9 /* SimplePlayer.app */ = {isa = PBXFileReference; explicitFileType = wrapper.application; includeInIndex = 0; path = SimplePlayer.app; sourceTree = BUILT_PRODUCTS_DIR; };
		CFFE077F1EB8E64200D7E9C9 /* SimplePlayerTests.xctest */ = {isa = PBXFileReference; explicitFileType = wrapper.cfbundle; includeInIndex = 0; path = SimplePlayerTests.xctest; sourceTree = BUILT_PRODUCTS_DIR; };
		CFFE07831EB8E64200D7E9C9 /* SimplePlayerTests.swift */ = {isa = PBXFileReference; lastKnownFileType = sourcecode.swift; path = SimplePlayerTests.swift; sourceTree = "<group>"; };
		CFFE07851EB8E64200D7E9C9 /* Info.plist */ = {isa = PBXFileReference; lastKnownFileType = text.plist.xml; path = Info.plist; sourceTree = "<group>"; };
		CFFE078A1EB8E64200D7E9C9 /* SimplePlayerUITests.xctest */ = {isa = PBXFileReference; explicitFileType = wrapper.cfbundle; includeInIndex = 0; path = SimplePlayerUITests.xctest; sourceTree = BUILT_PRODUCTS_DIR; };
		CFFE078E1EB8E64200D7E9C9 /* SimplePlayerUITests.swift */ = {isa = PBXFileReference; lastKnownFileType = sourcecode.swift; path = SimplePlayerUITests.swift; sourceTree = "<group>"; };
		CFFE07901EB8E64200D7E9C9 /* Info.plist */ = {isa = PBXFileReference; lastKnownFileType = text.plist.xml; path = Info.plist; sourceTree = "<group>"; };
		CFFE07B41EB8E79000D7E9C9 /* LookAndFeel.swift */ = {isa = PBXFileReference; fileEncoding = 4; lastKnownFileType = sourcecode.swift; path = LookAndFeel.swift; sourceTree = "<group>"; };
		CFFE07B71EB8E79000D7E9C9 /* Base */ = {isa = PBXFileReference; lastKnownFileType = file.storyboard; name = Base; path = Base.lproj/LaunchScreen.storyboard; sourceTree = "<group>"; };
		CFFE07B91EB8E79000D7E9C9 /* Base */ = {isa = PBXFileReference; lastKnownFileType = file.storyboard; name = Base; path = Base.lproj/Main.storyboard; sourceTree = "<group>"; };
		CFFE07BB1EB8E79000D7E9C9 /* MenuCollectionViewCell.swift */ = {isa = PBXFileReference; fileEncoding = 4; lastKnownFileType = sourcecode.swift; path = MenuCollectionViewCell.swift; sourceTree = "<group>"; };
		CFFE07BD1EB8E79000D7E9C9 /* AppDelegate.swift */ = {isa = PBXFileReference; fileEncoding = 4; lastKnownFileType = sourcecode.swift; path = AppDelegate.swift; sourceTree = "<group>"; };
		CFFE07BE1EB8E79000D7E9C9 /* AppRouter.swift */ = {isa = PBXFileReference; fileEncoding = 4; lastKnownFileType = sourcecode.swift; path = AppRouter.swift; sourceTree = "<group>"; };
		CFFE07BF1EB8E79000D7E9C9 /* Info.plist */ = {isa = PBXFileReference; fileEncoding = 4; lastKnownFileType = text.plist.xml; path = Info.plist; sourceTree = "<group>"; };
		CFFE07C11EB8E79000D7E9C9 /* MenuItem.swift */ = {isa = PBXFileReference; fileEncoding = 4; lastKnownFileType = sourcecode.swift; path = MenuItem.swift; sourceTree = "<group>"; };
		CFFE07C21EB8E79000D7E9C9 /* Video.swift */ = {isa = PBXFileReference; fileEncoding = 4; lastKnownFileType = sourcecode.swift; path = Video.swift; sourceTree = "<group>"; };
		CFFE07C71EB8E79000D7E9C9 /* CategoryViewController.swift */ = {isa = PBXFileReference; fileEncoding = 4; lastKnownFileType = sourcecode.swift; path = CategoryViewController.swift; sourceTree = "<group>"; };
		CFFE07C81EB8E79000D7E9C9 /* MenuViewController.swift */ = {isa = PBXFileReference; fileEncoding = 4; lastKnownFileType = sourcecode.swift; path = MenuViewController.swift; sourceTree = "<group>"; };
		CFFE07CA1EB8E79000D7E9C9 /* MenuItemViewModel.swift */ = {isa = PBXFileReference; fileEncoding = 4; lastKnownFileType = sourcecode.swift; path = MenuItemViewModel.swift; sourceTree = "<group>"; };
		CFFE07CB1EB8E79000D7E9C9 /* VideoViewModel.swift */ = {isa = PBXFileReference; fileEncoding = 4; lastKnownFileType = sourcecode.swift; path = VideoViewModel.swift; sourceTree = "<group>"; };
/* End PBXFileReference section */

/* Begin PBXFrameworksBuildPhase section */
		CFFE07681EB8E64200D7E9C9 /* Frameworks */ = {
			isa = PBXFrameworksBuildPhase;
			buildActionMask = 2147483647;
			files = (
			);
			runOnlyForDeploymentPostprocessing = 0;
		};
		CFFE077C1EB8E64200D7E9C9 /* Frameworks */ = {
			isa = PBXFrameworksBuildPhase;
			buildActionMask = 2147483647;
			files = (
			);
			runOnlyForDeploymentPostprocessing = 0;
		};
		CFFE07871EB8E64200D7E9C9 /* Frameworks */ = {
			isa = PBXFrameworksBuildPhase;
			buildActionMask = 2147483647;
			files = (
			);
			runOnlyForDeploymentPostprocessing = 0;
		};
/* End PBXFrameworksBuildPhase section */

/* Begin PBXGroup section */
		CFFE07621EB8E64200D7E9C9 = {
			isa = PBXGroup;
			children = (
				CFFE07B21EB8E79000D7E9C9 /* Sources */,
				CFFE07821EB8E64200D7E9C9 /* SimplePlayerTests */,
				CFFE078D1EB8E64200D7E9C9 /* SimplePlayerUITests */,
				CFFE076C1EB8E64200D7E9C9 /* Products */,
			);
			sourceTree = "<group>";
		};
		CFFE076C1EB8E64200D7E9C9 /* Products */ = {
			isa = PBXGroup;
			children = (
				CFFE076B1EB8E64200D7E9C9 /* SimplePlayer.app */,
				CFFE077F1EB8E64200D7E9C9 /* SimplePlayerTests.xctest */,
				CFFE078A1EB8E64200D7E9C9 /* SimplePlayerUITests.xctest */,
			);
			name = Products;
			sourceTree = "<group>";
		};
		CFFE07821EB8E64200D7E9C9 /* SimplePlayerTests */ = {
			isa = PBXGroup;
			children = (
				CFFE07831EB8E64200D7E9C9 /* SimplePlayerTests.swift */,
				CFFE07851EB8E64200D7E9C9 /* Info.plist */,
			);
			path = SimplePlayerTests;
			sourceTree = "<group>";
		};
		CFFE078D1EB8E64200D7E9C9 /* SimplePlayerUITests */ = {
			isa = PBXGroup;
			children = (
				CFFE078E1EB8E64200D7E9C9 /* SimplePlayerUITests.swift */,
				CFFE07901EB8E64200D7E9C9 /* Info.plist */,
			);
			path = SimplePlayerUITests;
			sourceTree = "<group>";
		};
		CFFE07B21EB8E79000D7E9C9 /* Sources */ = {
			isa = PBXGroup;
			children = (
				CFFE07B31EB8E79000D7E9C9 /* Appearance */,
				CFFE07B61EB8E79000D7E9C9 /* LaunchScreen.storyboard */,
				CFFE07B81EB8E79000D7E9C9 /* Main.storyboard */,
				CFFE07BA1EB8E79000D7E9C9 /* Cells */,
				CFFE07BC1EB8E79000D7E9C9 /* Core */,
				CFFE07BF1EB8E79000D7E9C9 /* Info.plist */,
				CFFE07C01EB8E79000D7E9C9 /* Models */,
				CFFE07C31EB8E79000D7E9C9 /* Networking */,
				CFFE07C41EB8E79000D7E9C9 /* Protocols */,
				CFFE07C51EB8E79000D7E9C9 /* Resources */,
				CFFE07C61EB8E79000D7E9C9 /* ViewControllers */,
				CFFE07C91EB8E79000D7E9C9 /* ViewModels */,
			);
			path = Sources;
			sourceTree = "<group>";
		};
		CFFE07B31EB8E79000D7E9C9 /* Appearance */ = {
			isa = PBXGroup;
			children = (
				CFFE07B41EB8E79000D7E9C9 /* LookAndFeel.swift */,
			);
			path = Appearance;
			sourceTree = "<group>";
		};
		CFFE07BA1EB8E79000D7E9C9 /* Cells */ = {
			isa = PBXGroup;
			children = (
				CFFE07BB1EB8E79000D7E9C9 /* MenuCollectionViewCell.swift */,
			);
			path = Cells;
			sourceTree = "<group>";
		};
		CFFE07BC1EB8E79000D7E9C9 /* Core */ = {
			isa = PBXGroup;
			children = (
				CFFE07BD1EB8E79000D7E9C9 /* AppDelegate.swift */,
				CFFE07BE1EB8E79000D7E9C9 /* AppRouter.swift */,
			);
			path = Core;
			sourceTree = "<group>";
		};
		CFFE07C01EB8E79000D7E9C9 /* Models */ = {
			isa = PBXGroup;
			children = (
				CFFE07C11EB8E79000D7E9C9 /* MenuItem.swift */,
				CFFE07C21EB8E79000D7E9C9 /* Video.swift */,
			);
			path = Models;
			sourceTree = "<group>";
		};
		CFFE07C31EB8E79000D7E9C9 /* Networking */ = {
			isa = PBXGroup;
			children = (
			);
			path = Networking;
			sourceTree = "<group>";
		};
		CFFE07C41EB8E79000D7E9C9 /* Protocols */ = {
			isa = PBXGroup;
			children = (
			);
			path = Protocols;
			sourceTree = "<group>";
		};
		CFFE07C51EB8E79000D7E9C9 /* Resources */ = {
			isa = PBXGroup;
			children = (
				CF6B1F911EB8EA2600F73CE2 /* CoreAssets.xcassets */,
			);
			path = Resources;
			sourceTree = "<group>";
		};
		CFFE07C61EB8E79000D7E9C9 /* ViewControllers */ = {
			isa = PBXGroup;
			children = (
				CFFE07C71EB8E79000D7E9C9 /* CategoryViewController.swift */,
				CFFE07C81EB8E79000D7E9C9 /* MenuViewController.swift */,
			);
			path = ViewControllers;
			sourceTree = "<group>";
		};
		CFFE07C91EB8E79000D7E9C9 /* ViewModels */ = {
			isa = PBXGroup;
			children = (
				CFFE07CA1EB8E79000D7E9C9 /* MenuItemViewModel.swift */,
				CFFE07CB1EB8E79000D7E9C9 /* VideoViewModel.swift */,
			);
			path = ViewModels;
			sourceTree = "<group>";
		};
/* End PBXGroup section */

/* Begin PBXNativeTarget section */
		CFFE076A1EB8E64200D7E9C9 /* SimplePlayer */ = {
			isa = PBXNativeTarget;
			buildConfigurationList = CFFE07931EB8E64200D7E9C9 /* Build configuration list for PBXNativeTarget "SimplePlayer" */;
			buildPhases = (
				CFFE07671EB8E64200D7E9C9 /* Sources */,
				CFFE07681EB8E64200D7E9C9 /* Frameworks */,
				CFFE07691EB8E64200D7E9C9 /* Resources */,
			);
			buildRules = (
			);
			dependencies = (
			);
			name = SimplePlayer;
			productName = SimplePlayer;
			productReference = CFFE076B1EB8E64200D7E9C9 /* SimplePlayer.app */;
			productType = "com.apple.product-type.application";
		};
		CFFE077E1EB8E64200D7E9C9 /* SimplePlayerTests */ = {
			isa = PBXNativeTarget;
			buildConfigurationList = CFFE07961EB8E64200D7E9C9 /* Build configuration list for PBXNativeTarget "SimplePlayerTests" */;
			buildPhases = (
				CFFE077B1EB8E64200D7E9C9 /* Sources */,
				CFFE077C1EB8E64200D7E9C9 /* Frameworks */,
				CFFE077D1EB8E64200D7E9C9 /* Resources */,
			);
			buildRules = (
			);
			dependencies = (
				CFFE07811EB8E64200D7E9C9 /* PBXTargetDependency */,
			);
			name = SimplePlayerTests;
			productName = SimplePlayerTests;
			productReference = CFFE077F1EB8E64200D7E9C9 /* SimplePlayerTests.xctest */;
			productType = "com.apple.product-type.bundle.unit-test";
		};
		CFFE07891EB8E64200D7E9C9 /* SimplePlayerUITests */ = {
			isa = PBXNativeTarget;
			buildConfigurationList = CFFE07991EB8E64200D7E9C9 /* Build configuration list for PBXNativeTarget "SimplePlayerUITests" */;
			buildPhases = (
				CFFE07861EB8E64200D7E9C9 /* Sources */,
				CFFE07871EB8E64200D7E9C9 /* Frameworks */,
				CFFE07881EB8E64200D7E9C9 /* Resources */,
			);
			buildRules = (
			);
			dependencies = (
				CFFE078C1EB8E64200D7E9C9 /* PBXTargetDependency */,
			);
			name = SimplePlayerUITests;
			productName = SimplePlayerUITests;
			productReference = CFFE078A1EB8E64200D7E9C9 /* SimplePlayerUITests.xctest */;
			productType = "com.apple.product-type.bundle.ui-testing";
		};
/* End PBXNativeTarget section */

/* Begin PBXProject section */
		CFFE07631EB8E64200D7E9C9 /* Project object */ = {
			isa = PBXProject;
			attributes = {
				LastSwiftUpdateCheck = 0830;
				LastUpgradeCheck = 0830;
				ORGANIZATIONNAME = "Kemal Enver";
				TargetAttributes = {
					CFFE076A1EB8E64200D7E9C9 = {
						CreatedOnToolsVersion = 8.3.2;
						ProvisioningStyle = Automatic;
					};
					CFFE077E1EB8E64200D7E9C9 = {
						CreatedOnToolsVersion = 8.3.2;
						ProvisioningStyle = Automatic;
						TestTargetID = CFFE076A1EB8E64200D7E9C9;
					};
					CFFE07891EB8E64200D7E9C9 = {
						CreatedOnToolsVersion = 8.3.2;
						ProvisioningStyle = Automatic;
						TestTargetID = CFFE076A1EB8E64200D7E9C9;
					};
				};
			};
			buildConfigurationList = CFFE07661EB8E64200D7E9C9 /* Build configuration list for PBXProject "SimplePlayer" */;
			compatibilityVersion = "Xcode 3.2";
			developmentRegion = English;
			hasScannedForEncodings = 0;
			knownRegions = (
				en,
				Base,
			);
			mainGroup = CFFE07621EB8E64200D7E9C9;
			productRefGroup = CFFE076C1EB8E64200D7E9C9 /* Products */;
			projectDirPath = "";
			projectRoot = "";
			targets = (
				CFFE076A1EB8E64200D7E9C9 /* SimplePlayer */,
				CFFE077E1EB8E64200D7E9C9 /* SimplePlayerTests */,
				CFFE07891EB8E64200D7E9C9 /* SimplePlayerUITests */,
			);
		};
/* End PBXProject section */

/* Begin PBXResourcesBuildPhase section */
		CFFE07691EB8E64200D7E9C9 /* Resources */ = {
			isa = PBXResourcesBuildPhase;
			buildActionMask = 2147483647;
			files = (
				CF6B1F931EB8EAA200F73CE2 /* LaunchScreen.storyboard in Resources */,
				CF6B1F941EB8EAA200F73CE2 /* Main.storyboard in Resources */,
				CF6B1F921EB8EA2600F73CE2 /* CoreAssets.xcassets in Resources */,
			);
			runOnlyForDeploymentPostprocessing = 0;
		};
		CFFE077D1EB8E64200D7E9C9 /* Resources */ = {
			isa = PBXResourcesBuildPhase;
			buildActionMask = 2147483647;
			files = (
			);
			runOnlyForDeploymentPostprocessing = 0;
		};
		CFFE07881EB8E64200D7E9C9 /* Resources */ = {
			isa = PBXResourcesBuildPhase;
			buildActionMask = 2147483647;
			files = (
			);
			runOnlyForDeploymentPostprocessing = 0;
		};
/* End PBXResourcesBuildPhase section */

/* Begin PBXSourcesBuildPhase section */
		CFFE07671EB8E64200D7E9C9 /* Sources */ = {
			isa = PBXSourcesBuildPhase;
			buildActionMask = 2147483647;
			files = (
				CFFE07D21EB8E79000D7E9C9 /* AppRouter.swift in Sources */,
				CFFE07D51EB8E79000D7E9C9 /* Video.swift in Sources */,
				CFFE07D11EB8E79000D7E9C9 /* AppDelegate.swift in Sources */,
				CFFE07CC1EB8E79000D7E9C9 /* LookAndFeel.swift in Sources */,
				CFFE07D01EB8E79000D7E9C9 /* MenuCollectionViewCell.swift in Sources */,
				CFFE07D41EB8E79000D7E9C9 /* MenuItem.swift in Sources */,
				CFFE07DA1EB8E8D700D7E9C9 /* MenuItemViewModel.swift in Sources */,
				CFFE07DB1EB8E8D700D7E9C9 /* VideoViewModel.swift in Sources */,
				CFFE07D71EB8E79000D7E9C9 /* MenuViewController.swift in Sources */,
			);
			runOnlyForDeploymentPostprocessing = 0;
		};
		CFFE077B1EB8E64200D7E9C9 /* Sources */ = {
			isa = PBXSourcesBuildPhase;
			buildActionMask = 2147483647;
			files = (
				CFFE07841EB8E64200D7E9C9 /* SimplePlayerTests.swift in Sources */,
			);
			runOnlyForDeploymentPostprocessing = 0;
		};
		CFFE07861EB8E64200D7E9C9 /* Sources */ = {
			isa = PBXSourcesBuildPhase;
			buildActionMask = 2147483647;
			files = (
				CFFE078F1EB8E64200D7E9C9 /* SimplePlayerUITests.swift in Sources */,
			);
			runOnlyForDeploymentPostprocessing = 0;
		};
/* End PBXSourcesBuildPhase section */

/* Begin PBXTargetDependency section */
		CFFE07811EB8E64200D7E9C9 /* PBXTargetDependency */ = {
			isa = PBXTargetDependency;
			target = CFFE076A1EB8E64200D7E9C9 /* SimplePlayer */;
			targetProxy = CFFE07801EB8E64200D7E9C9 /* PBXContainerItemProxy */;
		};
		CFFE078C1EB8E64200D7E9C9 /* PBXTargetDependency */ = {
			isa = PBXTargetDependency;
			target = CFFE076A1EB8E64200D7E9C9 /* SimplePlayer */;
			targetProxy = CFFE078B1EB8E64200D7E9C9 /* PBXContainerItemProxy */;
		};
/* End PBXTargetDependency section */

/* Begin PBXVariantGroup section */
		CFFE07B61EB8E79000D7E9C9 /* LaunchScreen.storyboard */ = {
			isa = PBXVariantGroup;
			children = (
				CFFE07B71EB8E79000D7E9C9 /* Base */,
			);
			name = LaunchScreen.storyboard;
			sourceTree = "<group>";
		};
		CFFE07B81EB8E79000D7E9C9 /* Main.storyboard */ = {
			isa = PBXVariantGroup;
			children = (
				CFFE07B91EB8E79000D7E9C9 /* Base */,
			);
			name = Main.storyboard;
			sourceTree = "<group>";
		};
/* End PBXVariantGroup section */

/* Begin XCBuildConfiguration section */
		CFFE07911EB8E64200D7E9C9 /* Debug */ = {
			isa = XCBuildConfiguration;
			buildSettings = {
				ALWAYS_SEARCH_USER_PATHS = NO;
				CLANG_ANALYZER_NONNULL = YES;
				CLANG_ANALYZER_NUMBER_OBJECT_CONVERSION = YES_AGGRESSIVE;
				CLANG_CXX_LANGUAGE_STANDARD = "gnu++0x";
				CLANG_CXX_LIBRARY = "libc++";
				CLANG_ENABLE_MODULES = YES;
				CLANG_ENABLE_OBJC_ARC = YES;
				CLANG_WARN_BOOL_CONVERSION = YES;
				CLANG_WARN_CONSTANT_CONVERSION = YES;
				CLANG_WARN_DIRECT_OBJC_ISA_USAGE = YES_ERROR;
				CLANG_WARN_DOCUMENTATION_COMMENTS = YES;
				CLANG_WARN_EMPTY_BODY = YES;
				CLANG_WARN_ENUM_CONVERSION = YES;
				CLANG_WARN_INFINITE_RECURSION = YES;
				CLANG_WARN_INT_CONVERSION = YES;
				CLANG_WARN_OBJC_ROOT_CLASS = YES_ERROR;
				CLANG_WARN_SUSPICIOUS_MOVE = YES;
				CLANG_WARN_UNREACHABLE_CODE = YES;
				CLANG_WARN__DUPLICATE_METHOD_MATCH = YES;
				"CODE_SIGN_IDENTITY[sdk=iphoneos*]" = "iPhone Developer";
				COPY_PHASE_STRIP = NO;
				DEBUG_INFORMATION_FORMAT = dwarf;
				ENABLE_STRICT_OBJC_MSGSEND = YES;
				ENABLE_TESTABILITY = YES;
				GCC_C_LANGUAGE_STANDARD = gnu99;
				GCC_DYNAMIC_NO_PIC = NO;
				GCC_NO_COMMON_BLOCKS = YES;
				GCC_OPTIMIZATION_LEVEL = 0;
				GCC_PREPROCESSOR_DEFINITIONS = (
					"DEBUG=1",
					"$(inherited)",
				);
				GCC_WARN_64_TO_32_BIT_CONVERSION = YES;
				GCC_WARN_ABOUT_RETURN_TYPE = YES_ERROR;
				GCC_WARN_UNDECLARED_SELECTOR = YES;
				GCC_WARN_UNINITIALIZED_AUTOS = YES_AGGRESSIVE;
				GCC_WARN_UNUSED_FUNCTION = YES;
				GCC_WARN_UNUSED_VARIABLE = YES;
				IPHONEOS_DEPLOYMENT_TARGET = 10.3;
				MTL_ENABLE_DEBUG_INFO = YES;
				ONLY_ACTIVE_ARCH = YES;
				SDKROOT = iphoneos;
				SWIFT_ACTIVE_COMPILATION_CONDITIONS = DEBUG;
				SWIFT_OPTIMIZATION_LEVEL = "-Onone";
				TARGETED_DEVICE_FAMILY = "1,2";
			};
			name = Debug;
		};
		CFFE07921EB8E64200D7E9C9 /* Release */ = {
			isa = XCBuildConfiguration;
			buildSettings = {
				ALWAYS_SEARCH_USER_PATHS = NO;
				CLANG_ANALYZER_NONNULL = YES;
				CLANG_ANALYZER_NUMBER_OBJECT_CONVERSION = YES_AGGRESSIVE;
				CLANG_CXX_LANGUAGE_STANDARD = "gnu++0x";
				CLANG_CXX_LIBRARY = "libc++";
				CLANG_ENABLE_MODULES = YES;
				CLANG_ENABLE_OBJC_ARC = YES;
				CLANG_WARN_BOOL_CONVERSION = YES;
				CLANG_WARN_CONSTANT_CONVERSION = YES;
				CLANG_WARN_DIRECT_OBJC_ISA_USAGE = YES_ERROR;
				CLANG_WARN_DOCUMENTATION_COMMENTS = YES;
				CLANG_WARN_EMPTY_BODY = YES;
				CLANG_WARN_ENUM_CONVERSION = YES;
				CLANG_WARN_INFINITE_RECURSION = YES;
				CLANG_WARN_INT_CONVERSION = YES;
				CLANG_WARN_OBJC_ROOT_CLASS = YES_ERROR;
				CLANG_WARN_SUSPICIOUS_MOVE = YES;
				CLANG_WARN_UNREACHABLE_CODE = YES;
				CLANG_WARN__DUPLICATE_METHOD_MATCH = YES;
				"CODE_SIGN_IDENTITY[sdk=iphoneos*]" = "iPhone Developer";
				COPY_PHASE_STRIP = NO;
				DEBUG_INFORMATION_FORMAT = "dwarf-with-dsym";
				ENABLE_NS_ASSERTIONS = NO;
				ENABLE_STRICT_OBJC_MSGSEND = YES;
				GCC_C_LANGUAGE_STANDARD = gnu99;
				GCC_NO_COMMON_BLOCKS = YES;
				GCC_WARN_64_TO_32_BIT_CONVERSION = YES;
				GCC_WARN_ABOUT_RETURN_TYPE = YES_ERROR;
				GCC_WARN_UNDECLARED_SELECTOR = YES;
				GCC_WARN_UNINITIALIZED_AUTOS = YES_AGGRESSIVE;
				GCC_WARN_UNUSED_FUNCTION = YES;
				GCC_WARN_UNUSED_VARIABLE = YES;
				IPHONEOS_DEPLOYMENT_TARGET = 10.3;
				MTL_ENABLE_DEBUG_INFO = NO;
				SDKROOT = iphoneos;
				SWIFT_OPTIMIZATION_LEVEL = "-Owholemodule";
				TARGETED_DEVICE_FAMILY = "1,2";
				VALIDATE_PRODUCT = YES;
			};
			name = Release;
		};
		CFFE07941EB8E64200D7E9C9 /* Debug */ = {
			isa = XCBuildConfiguration;
			buildSettings = {
				ASSETCATALOG_COMPILER_APPICON_NAME = AppIcon;
				INFOPLIST_FILE = Sources/Info.plist;
				LD_RUNPATH_SEARCH_PATHS = "$(inherited) @executable_path/Frameworks";
				PRODUCT_BUNDLE_IDENTIFIER = com.kemalenver.SimplePlayer;
				PRODUCT_NAME = "$(TARGET_NAME)";
				SWIFT_VERSION = 3.0;
			};
			name = Debug;
		};
		CFFE07951EB8E64200D7E9C9 /* Release */ = {
			isa = XCBuildConfiguration;
			buildSettings = {
				ASSETCATALOG_COMPILER_APPICON_NAME = AppIcon;
				INFOPLIST_FILE = Sources/Info.plist;
				LD_RUNPATH_SEARCH_PATHS = "$(inherited) @executable_path/Frameworks";
				PRODUCT_BUNDLE_IDENTIFIER = com.kemalenver.SimplePlayer;
				PRODUCT_NAME = "$(TARGET_NAME)";
				SWIFT_VERSION = 3.0;
			};
			name = Release;
		};
		CFFE07971EB8E64200D7E9C9 /* Debug */ = {
			isa = XCBuildConfiguration;
			buildSettings = {
				ALWAYS_EMBED_SWIFT_STANDARD_LIBRARIES = YES;
				BUNDLE_LOADER = "$(TEST_HOST)";
				INFOPLIST_FILE = SimplePlayerTests/Info.plist;
				LD_RUNPATH_SEARCH_PATHS = "$(inherited) @executable_path/Frameworks @loader_path/Frameworks";
				PRODUCT_BUNDLE_IDENTIFIER = com.kemalenver.SimplePlayerTests;
				PRODUCT_NAME = "$(TARGET_NAME)";
				SWIFT_VERSION = 3.0;
				TEST_HOST = "$(BUILT_PRODUCTS_DIR)/SimplePlayer.app/SimplePlayer";
			};
			name = Debug;
		};
		CFFE07981EB8E64200D7E9C9 /* Release */ = {
			isa = XCBuildConfiguration;
			buildSettings = {
				ALWAYS_EMBED_SWIFT_STANDARD_LIBRARIES = YES;
				BUNDLE_LOADER = "$(TEST_HOST)";
				INFOPLIST_FILE = SimplePlayerTests/Info.plist;
				LD_RUNPATH_SEARCH_PATHS = "$(inherited) @executable_path/Frameworks @loader_path/Frameworks";
				PRODUCT_BUNDLE_IDENTIFIER = com.kemalenver.SimplePlayerTests;
				PRODUCT_NAME = "$(TARGET_NAME)";
				SWIFT_VERSION = 3.0;
				TEST_HOST = "$(BUILT_PRODUCTS_DIR)/SimplePlayer.app/SimplePlayer";
			};
			name = Release;
		};
		CFFE079A1EB8E64200D7E9C9 /* Debug */ = {
			isa = XCBuildConfiguration;
			buildSettings = {
				ALWAYS_EMBED_SWIFT_STANDARD_LIBRARIES = YES;
				INFOPLIST_FILE = SimplePlayerUITests/Info.plist;
				LD_RUNPATH_SEARCH_PATHS = "$(inherited) @executable_path/Frameworks @loader_path/Frameworks";
				PRODUCT_BUNDLE_IDENTIFIER = com.kemalenver.SimplePlayerUITests;
				PRODUCT_NAME = "$(TARGET_NAME)";
				SWIFT_VERSION = 3.0;
				TEST_TARGET_NAME = SimplePlayer;
			};
			name = Debug;
		};
		CFFE079B1EB8E64200D7E9C9 /* Release */ = {
			isa = XCBuildConfiguration;
			buildSettings = {
				ALWAYS_EMBED_SWIFT_STANDARD_LIBRARIES = YES;
				INFOPLIST_FILE = SimplePlayerUITests/Info.plist;
				LD_RUNPATH_SEARCH_PATHS = "$(inherited) @executable_path/Frameworks @loader_path/Frameworks";
				PRODUCT_BUNDLE_IDENTIFIER = com.kemalenver.SimplePlayerUITests;
				PRODUCT_NAME = "$(TARGET_NAME)";
				SWIFT_VERSION = 3.0;
				TEST_TARGET_NAME = SimplePlayer;
			};
			name = Release;
		};
/* End XCBuildConfiguration section */

/* Begin XCConfigurationList section */
		CFFE07661EB8E64200D7E9C9 /* Build configuration list for PBXProject "SimplePlayer" */ = {
			isa = XCConfigurationList;
			buildConfigurations = (
				CFFE07911EB8E64200D7E9C9 /* Debug */,
				CFFE07921EB8E64200D7E9C9 /* Release */,
			);
			defaultConfigurationIsVisible = 0;
			defaultConfigurationName = Release;
		};
		CFFE07931EB8E64200D7E9C9 /* Build configuration list for PBXNativeTarget "SimplePlayer" */ = {
			isa = XCConfigurationList;
			buildConfigurations = (
				CFFE07941EB8E64200D7E9C9 /* Debug */,
				CFFE07951EB8E64200D7E9C9 /* Release */,
			);
			defaultConfigurationIsVisible = 0;
			defaultConfigurationName = Release;
		};
		CFFE07961EB8E64200D7E9C9 /* Build configuration list for PBXNativeTarget "SimplePlayerTests" */ = {
			isa = XCConfigurationList;
			buildConfigurations = (
				CFFE07971EB8E64200D7E9C9 /* Debug */,
				CFFE07981EB8E64200D7E9C9 /* Release */,
			);
			defaultConfigurationIsVisible = 0;
			defaultConfigurationName = Release;
		};
		CFFE07991EB8E64200D7E9C9 /* Build configuration list for PBXNativeTarget "SimplePlayerUITests" */ = {
			isa = XCConfigurationList;
			buildConfigurations = (
				CFFE079A1EB8E64200D7E9C9 /* Debug */,
				CFFE079B1EB8E64200D7E9C9 /* Release */,
			);
			defaultConfigurationIsVisible = 0;
			defaultConfigurationName = Release;
		};
/* End XCConfigurationList section */
	};
	rootObject = CFFE07631EB8E64200D7E9C9 /* Project object */;
}
